
Microsoft Visual Studio Solution File, Format Version 12.00
# Visual Studio 15
VisualStudioVersion = 15.0.26430.16
MinimumVisualStudioVersion = 10.0.40219.1
Project("{9A19103F-16F7-4668-BE54-9A1E7A4F7556}") = "TMG.Emme", "TMG.EMME\TMG.Emme.csproj", "{ACC63468-6E2E-4445-A37E-293FC645FB9D}"
EndProject
Project("{9A19103F-16F7-4668-BE54-9A1E7A4F7556}") = "TMG-Framework", "..\TMG-Framework\TMG-Framework\TMG-Framework\TMG-Framework.csproj", "{5DF3D991-3776-4E4C-91FD-3354555669AB}"
EndProject
Project("{9A19103F-16F7-4668-BE54-9A1E7A4F7556}") = "XTMF2", "..\TMG-Framework\XTMF2\XTMF2\XTMF2\XTMF2.csproj", "{6DD3C004-7F3A-4328-9077-A51CDE1B9EE7}"
EndProject
Project("{9A19103F-16F7-4668-BE54-9A1E7A4F7556}") = "XTMFInterfaces", "..\TMG-Framework\XTMF2\XTMF2\XTMFInterfaces\XTMFInterfaces.csproj", "{77AC8F97-D72B-4614-A824-C3BBA346686E}"
EndProject
Project("{9A19103F-16F7-4668-BE54-9A1E7A4F7556}") = "XTMF.Run", "..\TMG-Framework\XTMF2\XTMF2\XTMF.Run\XTMF.Run.csproj", "{508DBB00-FE58-4089-BCEA-7B9A62532511}"
EndProject
Project("{2150E333-8FDC-42A3-9474-1A3956D46DE8}") = "Solution Items", "Solution Items", "{D01BBF39-B8DA-4731-8FD4-4511B4B7BAD3}"
	ProjectSection(SolutionItems) = preProject
		..\UpdateReferences.bat = ..\UpdateReferences.bat
	EndProjectSection
EndProject
Project("{9A19103F-16F7-4668-BE54-9A1E7A4F7556}") = "TMG.Emme.Test", "TMG.EMME.Test\TMG.Emme.Test.csproj", "{6DE23BC9-D5D7-4230-9049-C1833985E668}"
EndProject
Project("{888888A0-9F3D-457C-B088-3A5042F75D52}") = "TMGToolbox2", "TMGToolbox2\TMGToolbox2.pyproj", "{4DF03671-3110-422D-8A00-950DBAA44CF1}"
EndProject
Global
	GlobalSection(SolutionConfigurationPlatforms) = preSolution
		Debug|Any CPU = Debug|Any CPU
		Release|Any CPU = Release|Any CPU
	EndGlobalSection
	GlobalSection(ProjectConfigurationPlatforms) = postSolution
		{ACC63468-6E2E-4445-A37E-293FC645FB9D}.Debug|Any CPU.ActiveCfg = Debug|Any CPU
		{ACC63468-6E2E-4445-A37E-293FC645FB9D}.Debug|Any CPU.Build.0 = Debug|Any CPU
		{ACC63468-6E2E-4445-A37E-293FC645FB9D}.Release|Any CPU.ActiveCfg = Release|Any CPU
		{ACC63468-6E2E-4445-A37E-293FC645FB9D}.Release|Any CPU.Build.0 = Release|Any CPU
		{5DF3D991-3776-4E4C-91FD-3354555669AB}.Debug|Any CPU.ActiveCfg = Debug|Any CPU
		{5DF3D991-3776-4E4C-91FD-3354555669AB}.Debug|Any CPU.Build.0 = Debug|Any CPU
		{5DF3D991-3776-4E4C-91FD-3354555669AB}.Release|Any CPU.ActiveCfg = Release|Any CPU
		{5DF3D991-3776-4E4C-91FD-3354555669AB}.Release|Any CPU.Build.0 = Release|Any CPU
		{6DD3C004-7F3A-4328-9077-A51CDE1B9EE7}.Debug|Any CPU.ActiveCfg = Debug|Any CPU
		{6DD3C004-7F3A-4328-9077-A51CDE1B9EE7}.Debug|Any CPU.Build.0 = Debug|Any CPU
		{6DD3C004-7F3A-4328-9077-A51CDE1B9EE7}.Release|Any CPU.ActiveCfg = Release|Any CPU
		{6DD3C004-7F3A-4328-9077-A51CDE1B9EE7}.Release|Any CPU.Build.0 = Release|Any CPU
		{77AC8F97-D72B-4614-A824-C3BBA346686E}.Debug|Any CPU.ActiveCfg = Debug|Any CPU
		{77AC8F97-D72B-4614-A824-C3BBA346686E}.Debug|Any CPU.Build.0 = Debug|Any CPU
		{77AC8F97-D72B-4614-A824-C3BBA346686E}.Release|Any CPU.ActiveCfg = Release|Any CPU
		{77AC8F97-D72B-4614-A824-C3BBA346686E}.Release|Any CPU.Build.0 = Release|Any CPU
		{508DBB00-FE58-4089-BCEA-7B9A62532511}.Debug|Any CPU.ActiveCfg = Debug|Any CPU
		{508DBB00-FE58-4089-BCEA-7B9A62532511}.Debug|Any CPU.Build.0 = Debug|Any CPU
		{508DBB00-FE58-4089-BCEA-7B9A62532511}.Release|Any CPU.ActiveCfg = Release|Any CPU
		{508DBB00-FE58-4089-BCEA-7B9A62532511}.Release|Any CPU.Build.0 = Release|Any CPU
		{6DE23BC9-D5D7-4230-9049-C1833985E668}.Debug|Any CPU.ActiveCfg = Debug|Any CPU
		{6DE23BC9-D5D7-4230-9049-C1833985E668}.Debug|Any CPU.Build.0 = Debug|Any CPU
		{6DE23BC9-D5D7-4230-9049-C1833985E668}.Release|Any CPU.ActiveCfg = Release|Any CPU
		{6DE23BC9-D5D7-4230-9049-C1833985E668}.Release|Any CPU.Build.0 = Release|Any CPU
		{4DF03671-3110-422D-8A00-950DBAA44CF1}.Debug|Any CPU.ActiveCfg = Debug|Any CPU
		{4DF03671-3110-422D-8A00-950DBAA44CF1}.Release|Any CPU.ActiveCfg = Release|Any CPU
	EndGlobalSection
	GlobalSection(SolutionProperties) = preSolution
		HideSolutionNode = FALSE
	EndGlobalSection
EndGlobal
