
Microsoft Visual Studio Solution File, Format Version 12.00
# Visual Studio Version 16
VisualStudioVersion = 16.0.29411.108
MinimumVisualStudioVersion = 10.0.40219.1
Project("{9A19103F-16F7-4668-BE54-9A1E7A4F7556}") = "TMG.Emme", "TMG.EMME\TMG.Emme.csproj", "{ACC63468-6E2E-4445-A37E-293FC645FB9D}"
EndProject
Project("{2150E333-8FDC-42A3-9474-1A3956D46DE8}") = "Solution Items", "Solution Items", "{D01BBF39-B8DA-4731-8FD4-4511B4B7BAD3}"
	ProjectSection(SolutionItems) = preProject
		..\UpdateReferences.bat = ..\UpdateReferences.bat
	EndProjectSection
EndProject
Project("{9A19103F-16F7-4668-BE54-9A1E7A4F7556}") = "TMG.Emme.Test", "TMG.EMME.Test\TMG.Emme.Test.csproj", "{6DE23BC9-D5D7-4230-9049-C1833985E668}"
EndProject
Project("{888888A0-9F3D-457C-B088-3A5042F75D52}") = "TMGToolbox2", "TMGToolbox2\TMGToolbox2.pyproj", "{4DF03671-3110-422D-8A00-950DBAA44CF1}"
EndProject
Project("{2150E333-8FDC-42A3-9474-1A3956D46DE8}") = "Dependencies", "Dependencies", "{B0590A35-0E8E-4502-9014-DF53D4B5CDAA}"
EndProject
Project("{9A19103F-16F7-4668-BE54-9A1E7A4F7556}") = "XTMF2", "..\TMG-Framework\XTMF2\src\XTMF2\XTMF2.csproj", "{1E14483F-0BEE-469D-87C0-C53982F5A6CB}"
EndProject
Project("{9A19103F-16F7-4668-BE54-9A1E7A4F7556}") = "XTMF2.Interfaces", "..\TMG-Framework\XTMF2\src\XTMF2.Interfaces\XTMF2.Interfaces.csproj", "{C7666839-776D-4B7A-B675-9D93030BA189}"
EndProject
Project("{9A19103F-16F7-4668-BE54-9A1E7A4F7556}") = "XTMF2.Run", "..\TMG-Framework\XTMF2\src\XTMF2.Run\XTMF2.Run.csproj", "{757D3FC3-C381-4A04-AEBE-640B8EDF41B5}"
EndProject
Project("{9A19103F-16F7-4668-BE54-9A1E7A4F7556}") = "TMG-Framework", "..\TMG-Framework\TMG-Framework\src\TMG-Framework\TMG-Framework.csproj", "{26194E6A-CAB4-484A-9A18-BF2073C60B6F}"
EndProject
Global
	GlobalSection(SolutionConfigurationPlatforms) = preSolution
		Debug|Any CPU = Debug|Any CPU
		Release|Any CPU = Release|Any CPU
	EndGlobalSection
	GlobalSection(ProjectConfigurationPlatforms) = postSolution
		{ACC63468-6E2E-4445-A37E-293FC645FB9D}.Debug|Any CPU.ActiveCfg = Debug|Any CPU
		{ACC63468-6E2E-4445-A37E-293FC645FB9D}.Debug|Any CPU.Build.0 = Debug|Any CPU
		{ACC63468-6E2E-4445-A37E-293FC645FB9D}.Release|Any CPU.ActiveCfg = Release|Any CPU
		{ACC63468-6E2E-4445-A37E-293FC645FB9D}.Release|Any CPU.Build.0 = Release|Any CPU
		{6DE23BC9-D5D7-4230-9049-C1833985E668}.Debug|Any CPU.ActiveCfg = Debug|Any CPU
		{6DE23BC9-D5D7-4230-9049-C1833985E668}.Debug|Any CPU.Build.0 = Debug|Any CPU
		{6DE23BC9-D5D7-4230-9049-C1833985E668}.Release|Any CPU.ActiveCfg = Release|Any CPU
		{6DE23BC9-D5D7-4230-9049-C1833985E668}.Release|Any CPU.Build.0 = Release|Any CPU
		{4DF03671-3110-422D-8A00-950DBAA44CF1}.Debug|Any CPU.ActiveCfg = Debug|Any CPU
		{4DF03671-3110-422D-8A00-950DBAA44CF1}.Release|Any CPU.ActiveCfg = Release|Any CPU
		{1E14483F-0BEE-469D-87C0-C53982F5A6CB}.Debug|Any CPU.ActiveCfg = Debug|Any CPU
		{1E14483F-0BEE-469D-87C0-C53982F5A6CB}.Debug|Any CPU.Build.0 = Debug|Any CPU
		{1E14483F-0BEE-469D-87C0-C53982F5A6CB}.Release|Any CPU.ActiveCfg = Release|Any CPU
		{1E14483F-0BEE-469D-87C0-C53982F5A6CB}.Release|Any CPU.Build.0 = Release|Any CPU
		{C7666839-776D-4B7A-B675-9D93030BA189}.Debug|Any CPU.ActiveCfg = Debug|Any CPU
		{C7666839-776D-4B7A-B675-9D93030BA189}.Debug|Any CPU.Build.0 = Debug|Any CPU
		{C7666839-776D-4B7A-B675-9D93030BA189}.Release|Any CPU.ActiveCfg = Release|Any CPU
		{C7666839-776D-4B7A-B675-9D93030BA189}.Release|Any CPU.Build.0 = Release|Any CPU
		{757D3FC3-C381-4A04-AEBE-640B8EDF41B5}.Debug|Any CPU.ActiveCfg = Debug|Any CPU
		{757D3FC3-C381-4A04-AEBE-640B8EDF41B5}.Debug|Any CPU.Build.0 = Debug|Any CPU
		{757D3FC3-C381-4A04-AEBE-640B8EDF41B5}.Release|Any CPU.ActiveCfg = Release|Any CPU
		{757D3FC3-C381-4A04-AEBE-640B8EDF41B5}.Release|Any CPU.Build.0 = Release|Any CPU
		{26194E6A-CAB4-484A-9A18-BF2073C60B6F}.Debug|Any CPU.ActiveCfg = Debug|Any CPU
		{26194E6A-CAB4-484A-9A18-BF2073C60B6F}.Debug|Any CPU.Build.0 = Debug|Any CPU
		{26194E6A-CAB4-484A-9A18-BF2073C60B6F}.Release|Any CPU.ActiveCfg = Release|Any CPU
		{26194E6A-CAB4-484A-9A18-BF2073C60B6F}.Release|Any CPU.Build.0 = Release|Any CPU
	EndGlobalSection
	GlobalSection(SolutionProperties) = preSolution
		HideSolutionNode = FALSE
	EndGlobalSection
	GlobalSection(NestedProjects) = preSolution
		{1E14483F-0BEE-469D-87C0-C53982F5A6CB} = {B0590A35-0E8E-4502-9014-DF53D4B5CDAA}
		{C7666839-776D-4B7A-B675-9D93030BA189} = {B0590A35-0E8E-4502-9014-DF53D4B5CDAA}
		{757D3FC3-C381-4A04-AEBE-640B8EDF41B5} = {B0590A35-0E8E-4502-9014-DF53D4B5CDAA}
		{26194E6A-CAB4-484A-9A18-BF2073C60B6F} = {B0590A35-0E8E-4502-9014-DF53D4B5CDAA}
	EndGlobalSection
	GlobalSection(ExtensibilityGlobals) = postSolution
		SolutionGuid = {9F1EE89E-012C-40C6-9081-5F0483453AAB}
	EndGlobalSection
EndGlobal
